// !$*UTF8*$!
{
	archiveVersion = 1;
	classes = {
	};
	objectVersion = 77;
	objects = {

/* Begin PBXBuildFile section */
		0139D2ABE849AE296BFB4D94 /* Assets.xcassets in Resources */ = {isa = PBXBuildFile; fileRef = 55CEE9C590AA30061703567D /* Assets.xcassets */; };
		090746B6E770B5E6CA9EE0EF /* Models.swift in Sources */ = {isa = PBXBuildFile; fileRef = 407ADB64A97CD2744EEA5804 /* Models.swift */; };
		0BA8525044C6F3E1B30DB09B /* LoginWebView.swift in Sources */ = {isa = PBXBuildFile; fileRef = 3F1825522BF8E85B80E81FCE /* LoginWebView.swift */; };
		16E3BEDC5E236BD409708C0F /* BlazzTimeWidget.appex in Embed Foundation Extensions */ = {isa = PBXBuildFile; fileRef = 173932A782F4C2872229F719 /* BlazzTimeWidget.appex */; settings = {ATTRIBUTES = (RemoveHeadersOnCopy, ); }; };
		2F6F47787318D4C10FCC8923 /* OfflineBuffer.swift in Sources */ = {isa = PBXBuildFile; fileRef = A708AA1B826499AD1F048046 /* OfflineBuffer.swift */; };
		31442169F913AC8F5B3B9ACC /* OfflineBufferTests.swift in Sources */ = {isa = PBXBuildFile; fileRef = 164401DCB2C626D4560053C7 /* OfflineBufferTests.swift */; };
		740861216DC574F2B8CF53BE /* HotKey.swift in Sources */ = {isa = PBXBuildFile; fileRef = E0A85488B2E9108C493913BE /* HotKey.swift */; };
		762ADFCD906BCA7FA255FE68 /* TodoProvider.swift in Sources */ = {isa = PBXBuildFile; fileRef = CF28035152084B65F5E4E3E2 /* TodoProvider.swift */; };
		81F0C17FBB46C053A01AD3D4 /* AuthManager.swift in Sources */ = {isa = PBXBuildFile; fileRef = 7016C318808EE380A6F22766 /* AuthManager.swift */; };
		88627C39C566660A35636043 /* ConvexClient.swift in Sources */ = {isa = PBXBuildFile; fileRef = A421A4ED99FADC650A393EE8 /* ConvexClient.swift */; };
		8ABD8101B22B6B63F674287C /* SwiftUI.framework in Frameworks */ = {isa = PBXBuildFile; fileRef = D4DFD8CC8579AC1F5AB417FB /* SwiftUI.framework */; };
		A8CEDC0702D04E86C0F0C902 /* QuickEntryView.swift in Sources */ = {isa = PBXBuildFile; fileRef = D2EA7413EC1E89735DE38A64 /* QuickEntryView.swift */; };
		AC59DD501918450CA3FE42D1 /* BlazzTimeWidget.swift in Sources */ = {isa = PBXBuildFile; fileRef = AC4AF6A8C1FB3DE66EAF0F52 /* BlazzTimeWidget.swift */; };
		CBC050AA7FC40C9C71330ABD /* BlazzTimeApp.swift in Sources */ = {isa = PBXBuildFile; fileRef = FE5FCB20E344EB23748F5475 /* BlazzTimeApp.swift */; };
		DDB202F8C9E70CC234B8F8DC /* WidgetKit.framework in Frameworks */ = {isa = PBXBuildFile; fileRef = 9CE43F87EAC8A43B394519FD /* WidgetKit.framework */; };
		FFF9C7A16F4CED19DF37F9A7 /* AuthManagerTests.swift in Sources */ = {isa = PBXBuildFile; fileRef = A7F888E93D86716AB9C24A50 /* AuthManagerTests.swift */; };
/* End PBXBuildFile section */

/* Begin PBXContainerItemProxy section */
		6ED12B2B4160BA61E69748C3 /* PBXContainerItemProxy */ = {
			isa = PBXContainerItemProxy;
			containerPortal = EA18904B00208CC6E1486093 /* Project object */;
			proxyType = 1;
			remoteGlobalIDString = 8A0D148A68060AD2AD558A2B;
			remoteInfo = BlazzTimeWidget;
		};
		CF02D87BDF09C7E397F7F16B /* PBXContainerItemProxy */ = {
			isa = PBXContainerItemProxy;
			containerPortal = EA18904B00208CC6E1486093 /* Project object */;
			proxyType = 1;
			remoteGlobalIDString = 5230B0C0368760AB98A95F42;
			remoteInfo = BlazzTime;
		};
/* End PBXContainerItemProxy section */

/* Begin PBXCopyFilesBuildPhase section */
		F3DE79ACDE99EE19D48C705E /* Embed Foundation Extensions */ = {
			isa = PBXCopyFilesBuildPhase;
			buildActionMask = 2147483647;
			dstPath = "";
			dstSubfolderSpec = 13;
			files = (
				16E3BEDC5E236BD409708C0F /* BlazzTimeWidget.appex in Embed Foundation Extensions */,
			);
			name = "Embed Foundation Extensions";
			runOnlyForDeploymentPostprocessing = 0;
		};
/* End PBXCopyFilesBuildPhase section */

/* Begin PBXFileReference section */
		164401DCB2C626D4560053C7 /* OfflineBufferTests.swift */ = {isa = PBXFileReference; lastKnownFileType = sourcecode.swift; path = OfflineBufferTests.swift; sourceTree = "<group>"; };
		173932A782F4C2872229F719 /* BlazzTimeWidget.appex */ = {isa = PBXFileReference; explicitFileType = "wrapper.app-extension"; includeInIndex = 0; path = BlazzTimeWidget.appex; sourceTree = BUILT_PRODUCTS_DIR; };
		1DD0F3ECF40E23267D67654B /* BlazzTimeTests.xctest */ = {isa = PBXFileReference; explicitFileType = wrapper.cfbundle; includeInIndex = 0; path = BlazzTimeTests.xctest; sourceTree = BUILT_PRODUCTS_DIR; };
		34BB179DD849B2A6134B17EC /* Info.plist */ = {isa = PBXFileReference; lastKnownFileType = text.plist; path = Info.plist; sourceTree = "<group>"; };
		3F1825522BF8E85B80E81FCE /* LoginWebView.swift */ = {isa = PBXFileReference; lastKnownFileType = sourcecode.swift; path = LoginWebView.swift; sourceTree = "<group>"; };
		407ADB64A97CD2744EEA5804 /* Models.swift */ = {isa = PBXFileReference; lastKnownFileType = sourcecode.swift; path = Models.swift; sourceTree = "<group>"; };
		55CEE9C590AA30061703567D /* Assets.xcassets */ = {isa = PBXFileReference; lastKnownFileType = folder.assetcatalog; path = Assets.xcassets; sourceTree = "<group>"; };
		7016C318808EE380A6F22766 /* AuthManager.swift */ = {isa = PBXFileReference; lastKnownFileType = sourcecode.swift; path = AuthManager.swift; sourceTree = "<group>"; };
		9BD66F910E2E3970A78F2BD8 /* BlazzTime.app */ = {isa = PBXFileReference; explicitFileType = wrapper.application; includeInIndex = 0; path = BlazzTime.app; sourceTree = BUILT_PRODUCTS_DIR; };
		9CE43F87EAC8A43B394519FD /* WidgetKit.framework */ = {isa = PBXFileReference; lastKnownFileType = wrapper.framework; name = WidgetKit.framework; path = System/Library/Frameworks/WidgetKit.framework; sourceTree = SDKROOT; };
		A421A4ED99FADC650A393EE8 /* ConvexClient.swift */ = {isa = PBXFileReference; lastKnownFileType = sourcecode.swift; path = ConvexClient.swift; sourceTree = "<group>"; };
		A708AA1B826499AD1F048046 /* OfflineBuffer.swift */ = {isa = PBXFileReference; lastKnownFileType = sourcecode.swift; path = OfflineBuffer.swift; sourceTree = "<group>"; };
		A7F888E93D86716AB9C24A50 /* AuthManagerTests.swift */ = {isa = PBXFileReference; lastKnownFileType = sourcecode.swift; path = AuthManagerTests.swift; sourceTree = "<group>"; };
		AC4AF6A8C1FB3DE66EAF0F52 /* BlazzTimeWidget.swift */ = {isa = PBXFileReference; lastKnownFileType = sourcecode.swift; path = BlazzTimeWidget.swift; sourceTree = "<group>"; };
		CF28035152084B65F5E4E3E2 /* TodoProvider.swift */ = {isa = PBXFileReference; lastKnownFileType = sourcecode.swift; path = TodoProvider.swift; sourceTree = "<group>"; };
		D1D91EBC25B31030353823D1 /* BlazzTime.entitlements */ = {isa = PBXFileReference; lastKnownFileType = text.plist.entitlements; path = BlazzTime.entitlements; sourceTree = "<group>"; };
		D2EA7413EC1E89735DE38A64 /* QuickEntryView.swift */ = {isa = PBXFileReference; lastKnownFileType = sourcecode.swift; path = QuickEntryView.swift; sourceTree = "<group>"; };
		D4DFD8CC8579AC1F5AB417FB /* SwiftUI.framework */ = {isa = PBXFileReference; lastKnownFileType = wrapper.framework; name = SwiftUI.framework; path = System/Library/Frameworks/SwiftUI.framework; sourceTree = SDKROOT; };
		E0A85488B2E9108C493913BE /* HotKey.swift */ = {isa = PBXFileReference; lastKnownFileType = sourcecode.swift; path = HotKey.swift; sourceTree = "<group>"; };
		FE5FCB20E344EB23748F5475 /* BlazzTimeApp.swift */ = {isa = PBXFileReference; lastKnownFileType = sourcecode.swift; path = BlazzTimeApp.swift; sourceTree = "<group>"; };
/* End PBXFileReference section */

/* Begin PBXFrameworksBuildPhase section */
		AFD643C93B7FF6B93056C4CB /* Frameworks */ = {
			isa = PBXFrameworksBuildPhase;
			buildActionMask = 2147483647;
			files = (
				DDB202F8C9E70CC234B8F8DC /* WidgetKit.framework in Frameworks */,
				8ABD8101B22B6B63F674287C /* SwiftUI.framework in Frameworks */,
			);
			runOnlyForDeploymentPostprocessing = 0;
		};
/* End PBXFrameworksBuildPhase section */

/* Begin PBXGroup section */
		00F078133BB306856EF6AF62 /* BlazzTime */ = {
			isa = PBXGroup;
			children = (
				55CEE9C590AA30061703567D /* Assets.xcassets */,
				D1D91EBC25B31030353823D1 /* BlazzTime.entitlements */,
				FE5FCB20E344EB23748F5475 /* BlazzTimeApp.swift */,
				E0A85488B2E9108C493913BE /* HotKey.swift */,
				34BB179DD849B2A6134B17EC /* Info.plist */,
				A708AA1B826499AD1F048046 /* OfflineBuffer.swift */,
				D2EA7413EC1E89735DE38A64 /* QuickEntryView.swift */,
			);
			path = BlazzTime;
			sourceTree = "<group>";
		};
		2A30F6201645D4644FB68343 /* Frameworks */ = {
			isa = PBXGroup;
			children = (
				D4DFD8CC8579AC1F5AB417FB /* SwiftUI.framework */,
				9CE43F87EAC8A43B394519FD /* WidgetKit.framework */,
			);
			name = Frameworks;
			sourceTree = "<group>";
		};
		A2695E949907EA83ADA58302 /* BlazzTimeTests */ = {
			isa = PBXGroup;
			children = (
				A7F888E93D86716AB9C24A50 /* AuthManagerTests.swift */,
				164401DCB2C626D4560053C7 /* OfflineBufferTests.swift */,
			);
			path = BlazzTimeTests;
			sourceTree = "<group>";
		};
		A7FBBEEDED34C380B4AA60D0 = {
			isa = PBXGroup;
			children = (
				00F078133BB306856EF6AF62 /* BlazzTime */,
				A2695E949907EA83ADA58302 /* BlazzTimeTests */,
				CF482D6C428B16BCCD3DDC48 /* BlazzTimeWidget */,
				AE240A867D87FDE33F86EBBF /* Shared */,
				2A30F6201645D4644FB68343 /* Frameworks */,
				F75108EA9B94015EF1466C5B /* Products */,
			);
			sourceTree = "<group>";
		};
		AE240A867D87FDE33F86EBBF /* Shared */ = {
			isa = PBXGroup;
			children = (
				7016C318808EE380A6F22766 /* AuthManager.swift */,
				A421A4ED99FADC650A393EE8 /* ConvexClient.swift */,
				3F1825522BF8E85B80E81FCE /* LoginWebView.swift */,
				407ADB64A97CD2744EEA5804 /* Models.swift */,
			);
			path = Shared;
			sourceTree = "<group>";
		};
		CF482D6C428B16BCCD3DDC48 /* BlazzTimeWidget */ = {
			isa = PBXGroup;
			children = (
				AC4AF6A8C1FB3DE66EAF0F52 /* BlazzTimeWidget.swift */,
				CF28035152084B65F5E4E3E2 /* TodoProvider.swift */,
			);
			path = BlazzTimeWidget;
			sourceTree = "<group>";
		};
		F75108EA9B94015EF1466C5B /* Products */ = {
			isa = PBXGroup;
			children = (
				9BD66F910E2E3970A78F2BD8 /* BlazzTime.app */,
				1DD0F3ECF40E23267D67654B /* BlazzTimeTests.xctest */,
				173932A782F4C2872229F719 /* BlazzTimeWidget.appex */,
			);
			name = Products;
			sourceTree = "<group>";
		};
/* End PBXGroup section */

/* Begin PBXNativeTarget section */
		5230B0C0368760AB98A95F42 /* BlazzTime */ = {
			isa = PBXNativeTarget;
			buildConfigurationList = FB06012907C2470EBF26C292 /* Build configuration list for PBXNativeTarget "BlazzTime" */;
			buildPhases = (
				F924CC251933179AD97E38EE /* Sources */,
				95C1326A1F890F0655DDF54D /* Resources */,
				F3DE79ACDE99EE19D48C705E /* Embed Foundation Extensions */,
			);
			buildRules = (
			);
			dependencies = (
				70710E1BA833DA1C9B6B84A4 /* PBXTargetDependency */,
			);
			name = BlazzTime;
			packageProductDependencies = (
			);
			productName = BlazzTime;
			productReference = 9BD66F910E2E3970A78F2BD8 /* BlazzTime.app */;
			productType = "com.apple.product-type.application";
		};
		8A0D148A68060AD2AD558A2B /* BlazzTimeWidget */ = {
			isa = PBXNativeTarget;
			buildConfigurationList = 9F927C4494AB3F41D3C6DB83 /* Build configuration list for PBXNativeTarget "BlazzTimeWidget" */;
			buildPhases = (
				A4DA2A835FD03069447C1B1B /* Sources */,
				AFD643C93B7FF6B93056C4CB /* Frameworks */,
			);
			buildRules = (
			);
			dependencies = (
			);
			name = BlazzTimeWidget;
			packageProductDependencies = (
			);
			productName = BlazzTimeWidget;
			productReference = 173932A782F4C2872229F719 /* BlazzTimeWidget.appex */;
			productType = "com.apple.product-type.app-extension";
		};
		BAC0149A2CEFD3EF34AED465 /* BlazzTimeTests */ = {
			isa = PBXNativeTarget;
			buildConfigurationList = 1E5442AF22FE9030F2D0AF1B /* Build configuration list for PBXNativeTarget "BlazzTimeTests" */;
			buildPhases = (
				1CDC13BD9420897A4D3A126E /* Sources */,
			);
			buildRules = (
			);
			dependencies = (
				90799032BE245CCCFB57009C /* PBXTargetDependency */,
			);
			name = BlazzTimeTests;
			packageProductDependencies = (
			);
			productName = BlazzTimeTests;
			productReference = 1DD0F3ECF40E23267D67654B /* BlazzTimeTests.xctest */;
			productType = "com.apple.product-type.bundle.unit-test";
		};
/* End PBXNativeTarget section */

/* Begin PBXProject section */
		EA18904B00208CC6E1486093 /* Project object */ = {
			isa = PBXProject;
			attributes = {
				BuildIndependentTargetsInParallel = YES;
				LastUpgradeCheck = 1600;
				TargetAttributes = {
					5230B0C0368760AB98A95F42 = {
						DevelopmentTeam = P9KAWJ28LA;
						ProvisioningStyle = Automatic;
					};
					8A0D148A68060AD2AD558A2B = {
						DevelopmentTeam = P9KAWJ28LA;
						ProvisioningStyle = Automatic;
					};
					BAC0149A2CEFD3EF34AED465 = {
						DevelopmentTeam = P9KAWJ28LA;
						ProvisioningStyle = Automatic;
					};
				};
			};
			buildConfigurationList = 3F5FE212E5251C260752D63F /* Build configuration list for PBXProject "BlazzTime" */;
			developmentRegion = en;
			hasScannedForEncodings = 0;
			knownRegions = (
				Base,
				en,
			);
			mainGroup = A7FBBEEDED34C380B4AA60D0;
			minimizedProjectReferenceProxies = 1;
			preferredProjectObjectVersion = 77;
			productRefGroup = F75108EA9B94015EF1466C5B /* Products */;
			projectDirPath = "";
			projectRoot = "";
			targets = (
				5230B0C0368760AB98A95F42 /* BlazzTime */,
				BAC0149A2CEFD3EF34AED465 /* BlazzTimeTests */,
				8A0D148A68060AD2AD558A2B /* BlazzTimeWidget */,
			);
		};
/* End PBXProject section */

/* Begin PBXResourcesBuildPhase section */
		95C1326A1F890F0655DDF54D /* Resources */ = {
			isa = PBXResourcesBuildPhase;
			buildActionMask = 2147483647;
			files = (
				0139D2ABE849AE296BFB4D94 /* Assets.xcassets in Resources */,
			);
			runOnlyForDeploymentPostprocessing = 0;
		};
/* End PBXResourcesBuildPhase section */

/* Begin PBXSourcesBuildPhase section */
		1CDC13BD9420897A4D3A126E /* Sources */ = {
			isa = PBXSourcesBuildPhase;
			buildActionMask = 2147483647;
			files = (
				FFF9C7A16F4CED19DF37F9A7 /* AuthManagerTests.swift in Sources */,
				31442169F913AC8F5B3B9ACC /* OfflineBufferTests.swift in Sources */,
			);
			runOnlyForDeploymentPostprocessing = 0;
		};
		A4DA2A835FD03069447C1B1B /* Sources */ = {
			isa = PBXSourcesBuildPhase;
			buildActionMask = 2147483647;
			files = (
				AC59DD501918450CA3FE42D1 /* BlazzTimeWidget.swift in Sources */,
				762ADFCD906BCA7FA255FE68 /* TodoProvider.swift in Sources */,
			);
			runOnlyForDeploymentPostprocessing = 0;
		};
		F924CC251933179AD97E38EE /* Sources */ = {
			isa = PBXSourcesBuildPhase;
			buildActionMask = 2147483647;
			files = (
				81F0C17FBB46C053A01AD3D4 /* AuthManager.swift in Sources */,
				CBC050AA7FC40C9C71330ABD /* BlazzTimeApp.swift in Sources */,
				88627C39C566660A35636043 /* ConvexClient.swift in Sources */,
				740861216DC574F2B8CF53BE /* HotKey.swift in Sources */,
				0BA8525044C6F3E1B30DB09B /* LoginWebView.swift in Sources */,
				090746B6E770B5E6CA9EE0EF /* Models.swift in Sources */,
				2F6F47787318D4C10FCC8923 /* OfflineBuffer.swift in Sources */,
				A8CEDC0702D04E86C0F0C902 /* QuickEntryView.swift in Sources */,
			);
			runOnlyForDeploymentPostprocessing = 0;
		};
/* End PBXSourcesBuildPhase section */

/* Begin PBXTargetDependency section */
		70710E1BA833DA1C9B6B84A4 /* PBXTargetDependency */ = {
			isa = PBXTargetDependency;
			target = 8A0D148A68060AD2AD558A2B /* BlazzTimeWidget */;
			targetProxy = 6ED12B2B4160BA61E69748C3 /* PBXContainerItemProxy */;
		};
		90799032BE245CCCFB57009C /* PBXTargetDependency */ = {
			isa = PBXTargetDependency;
			target = 5230B0C0368760AB98A95F42 /* BlazzTime */;
			targetProxy = CF02D87BDF09C7E397F7F16B /* PBXContainerItemProxy */;
		};
/* End PBXTargetDependency section */

/* Begin XCBuildConfiguration section */
		1AAFDACC37B52BC3A5C3DC6E /* Debug */ = {
			isa = XCBuildConfiguration;
			buildSettings = {
				ASSETCATALOG_COMPILER_APPICON_NAME = AppIcon;
				COMBINE_HIDPI_IMAGES = YES;
				CURRENT_PROJECT_VERSION = 1;
				ENABLE_HARDENED_RUNTIME = NO;
				INFOPLIST_FILE = BlazzTime/Info.plist;
				LD_RUNPATH_SEARCH_PATHS = "$(inherited) @executable_path/../Frameworks";
				MACOSX_DEPLOYMENT_TARGET = 14.0;
				MARKETING_VERSION = 1.0.0;
				PRODUCT_BUNDLE_IDENTIFIER = dev.blazz.blazztime;
				SDKROOT = macosx;
				SWIFT_VERSION = 5.9;
			};
			name = Debug;
		};
		1BDF138ACB7C3746C7664F96 /* Debug */ = {
			isa = XCBuildConfiguration;
			buildSettings = {
				ALWAYS_SEARCH_USER_PATHS = NO;
				CLANG_ANALYZER_NONNULL = YES;
				CLANG_ANALYZER_NUMBER_OBJECT_CONVERSION = YES_AGGRESSIVE;
				CLANG_CXX_LANGUAGE_STANDARD = "gnu++14";
				CLANG_CXX_LIBRARY = "libc++";
				CLANG_ENABLE_MODULES = YES;
				CLANG_ENABLE_OBJC_ARC = YES;
				CLANG_ENABLE_OBJC_WEAK = YES;
				CLANG_WARN_BLOCK_CAPTURE_AUTORELEASING = YES;
				CLANG_WARN_BOOL_CONVERSION = YES;
				CLANG_WARN_COMMA = YES;
				CLANG_WARN_CONSTANT_CONVERSION = YES;
				CLANG_WARN_DEPRECATED_OBJC_IMPLEMENTATIONS = YES;
				CLANG_WARN_DIRECT_OBJC_ISA_USAGE = YES_ERROR;
				CLANG_WARN_DOCUMENTATION_COMMENTS = YES;
				CLANG_WARN_EMPTY_BODY = YES;
				CLANG_WARN_ENUM_CONVERSION = YES;
				CLANG_WARN_INFINITE_RECURSION = YES;
				CLANG_WARN_INT_CONVERSION = YES;
				CLANG_WARN_NON_LITERAL_NULL_CONVERSION = YES;
				CLANG_WARN_OBJC_IMPLICIT_RETAIN_SELF = YES;
				CLANG_WARN_OBJC_LITERAL_CONVERSION = YES;
				CLANG_WARN_OBJC_ROOT_CLASS = YES_ERROR;
				CLANG_WARN_QUOTED_INCLUDE_IN_FRAMEWORK_HEADER = YES;
				CLANG_WARN_RANGE_LOOP_ANALYSIS = YES;
				CLANG_WARN_STRICT_PROTOTYPES = YES;
				CLANG_WARN_SUSPICIOUS_MOVE = YES;
				CLANG_WARN_UNGUARDED_AVAILABILITY = YES_AGGRESSIVE;
				CLANG_WARN_UNREACHABLE_CODE = YES;
				CLANG_WARN__DUPLICATE_METHOD_MATCH = YES;
				CODE_SIGN_IDENTITY = "Apple Development";
				CODE_SIGN_STYLE = Automatic;
				COPY_PHASE_STRIP = NO;
				DEBUG_INFORMATION_FORMAT = dwarf;
				DEVELOPMENT_TEAM = P9KAWJ28LA;
				ENABLE_STRICT_OBJC_MSGSEND = YES;
				ENABLE_TESTABILITY = YES;
				GCC_C_LANGUAGE_STANDARD = gnu11;
				GCC_DYNAMIC_NO_PIC = NO;
				GCC_NO_COMMON_BLOCKS = YES;
				GCC_OPTIMIZATION_LEVEL = 0;
				GCC_PREPROCESSOR_DEFINITIONS = (
					"$(inherited)",
					"DEBUG=1",
				);
				GCC_WARN_64_TO_32_BIT_CONVERSION = YES;
				GCC_WARN_ABOUT_RETURN_TYPE = YES_ERROR;
				GCC_WARN_UNDECLARED_SELECTOR = YES;
				GCC_WARN_UNINITIALIZED_AUTOS = YES_AGGRESSIVE;
				GCC_WARN_UNUSED_FUNCTION = YES;
				GCC_WARN_UNUSED_VARIABLE = YES;
				MACOSX_DEPLOYMENT_TARGET = 14.0;
				MTL_ENABLE_DEBUG_INFO = INCLUDE_SOURCE;
				MTL_FAST_MATH = YES;
				ONLY_ACTIVE_ARCH = YES;
				PRODUCT_NAME = "$(TARGET_NAME)";
				SDKROOT = macosx;
				SWIFT_ACTIVE_COMPILATION_CONDITIONS = DEBUG;
				SWIFT_OPTIMIZATION_LEVEL = "-Onone";
				SWIFT_VERSION = 5.0;
			};
			name = Debug;
		};
		5C857F340CB769623EB966E0 /* Release */ = {
			isa = XCBuildConfiguration;
			buildSettings = {
				BUNDLE_LOADER = "$(TEST_HOST)";
				COMBINE_HIDPI_IMAGES = YES;
				GENERATE_INFOPLIST_FILE = YES;
				LD_RUNPATH_SEARCH_PATHS = (
					"$(inherited)",
					"@executable_path/../Frameworks",
					"@loader_path/../Frameworks",
				);
				PRODUCT_BUNDLE_IDENTIFIER = dev.blazz.BlazzTimeTests;
				SDKROOT = macosx;
				SWIFT_VERSION = 5.9;
				TEST_HOST = "$(BUILT_PRODUCTS_DIR)/BlazzTime.app/Contents/MacOS/BlazzTime";
			};
			name = Release;
		};
		6B68F96BE2D5C4D7441D444E /* Debug */ = {
			isa = XCBuildConfiguration;
			buildSettings = {
				CODE_SIGN_ENTITLEMENTS = BlazzTimeWidget/BlazzTimeWidget.entitlements;
				COMBINE_HIDPI_IMAGES = YES;
				INFOPLIST_FILE = BlazzTimeWidget/Info.plist;
				LD_RUNPATH_SEARCH_PATHS = (
					"$(inherited)",
					"@executable_path/../Frameworks",
					"@executable_path/../../../../Frameworks",
				);
				MACOSX_DEPLOYMENT_TARGET = 14.0;
				PRODUCT_BUNDLE_IDENTIFIER = dev.blazz.blazztime.widget;
				SDKROOT = macosx;
				SWIFT_VERSION = 5.9;
			};
			name = Debug;
		};
		6FF2B32127ECFC7B98453DB4 /* Release */ = {
			isa = XCBuildConfiguration;
			buildSettings = {
				ALWAYS_SEARCH_USER_PATHS = NO;
				CLANG_ANALYZER_NONNULL = YES;
				CLANG_ANALYZER_NUMBER_OBJECT_CONVERSION = YES_AGGRESSIVE;
				CLANG_CXX_LANGUAGE_STANDARD = "gnu++14";
				CLANG_CXX_LIBRARY = "libc++";
				CLANG_ENABLE_MODULES = YES;
				CLANG_ENABLE_OBJC_ARC = YES;
				CLANG_ENABLE_OBJC_WEAK = YES;
				CLANG_WARN_BLOCK_CAPTURE_AUTORELEASING = YES;
				CLANG_WARN_BOOL_CONVERSION = YES;
				CLANG_WARN_COMMA = YES;
				CLANG_WARN_CONSTANT_CONVERSION = YES;
				CLANG_WARN_DEPRECATED_OBJC_IMPLEMENTATIONS = YES;
				CLANG_WARN_DIRECT_OBJC_ISA_USAGE = YES_ERROR;
				CLANG_WARN_DOCUMENTATION_COMMENTS = YES;
				CLANG_WARN_EMPTY_BODY = YES;
				CLANG_WARN_ENUM_CONVERSION = YES;
				CLANG_WARN_INFINITE_RECURSION = YES;
				CLANG_WARN_INT_CONVERSION = YES;
				CLANG_WARN_NON_LITERAL_NULL_CONVERSION = YES;
				CLANG_WARN_OBJC_IMPLICIT_RETAIN_SELF = YES;
				CLANG_WARN_OBJC_LITERAL_CONVERSION = YES;
				CLANG_WARN_OBJC_ROOT_CLASS = YES_ERROR;
				CLANG_WARN_QUOTED_INCLUDE_IN_FRAMEWORK_HEADER = YES;
				CLANG_WARN_RANGE_LOOP_ANALYSIS = YES;
				CLANG_WARN_STRICT_PROTOTYPES = YES;
				CLANG_WARN_SUSPICIOUS_MOVE = YES;
				CLANG_WARN_UNGUARDED_AVAILABILITY = YES_AGGRESSIVE;
				CLANG_WARN_UNREACHABLE_CODE = YES;
				CLANG_WARN__DUPLICATE_METHOD_MATCH = YES;
				CODE_SIGN_IDENTITY = "Apple Development";
				CODE_SIGN_STYLE = Automatic;
				COPY_PHASE_STRIP = NO;
				DEBUG_INFORMATION_FORMAT = "dwarf-with-dsym";
				DEVELOPMENT_TEAM = P9KAWJ28LA;
				ENABLE_NS_ASSERTIONS = NO;
				ENABLE_STRICT_OBJC_MSGSEND = YES;
				GCC_C_LANGUAGE_STANDARD = gnu11;
				GCC_NO_COMMON_BLOCKS = YES;
				GCC_WARN_64_TO_32_BIT_CONVERSION = YES;
				GCC_WARN_ABOUT_RETURN_TYPE = YES_ERROR;
				GCC_WARN_UNDECLARED_SELECTOR = YES;
				GCC_WARN_UNINITIALIZED_AUTOS = YES_AGGRESSIVE;
				GCC_WARN_UNUSED_FUNCTION = YES;
				GCC_WARN_UNUSED_VARIABLE = YES;
				MACOSX_DEPLOYMENT_TARGET = 14.0;
				MTL_ENABLE_DEBUG_INFO = NO;
				MTL_FAST_MATH = YES;
				PRODUCT_NAME = "$(TARGET_NAME)";
				SDKROOT = macosx;
				SWIFT_COMPILATION_MODE = wholemodule;
				SWIFT_OPTIMIZATION_LEVEL = "-O";
				SWIFT_VERSION = 5.0;
			};
			name = Release;
		};
		C5209B1D4AB5A1D2A8D25602 /* Debug */ = {
			isa = XCBuildConfiguration;
			buildSettings = {
				BUNDLE_LOADER = "$(TEST_HOST)";
				COMBINE_HIDPI_IMAGES = YES;
				GENERATE_INFOPLIST_FILE = YES;
				LD_RUNPATH_SEARCH_PATHS = (
					"$(inherited)",
					"@executable_path/../Frameworks",
					"@loader_path/../Frameworks",
				);
				PRODUCT_BUNDLE_IDENTIFIER = dev.blazz.BlazzTimeTests;
				SDKROOT = macosx;
				SWIFT_VERSION = 5.9;
				TEST_HOST = "$(BUILT_PRODUCTS_DIR)/BlazzTime.app/Contents/MacOS/BlazzTime";
			};
			name = Debug;
		};
		D528DB2A241975767B5CAAED /* Release */ = {
			isa = XCBuildConfiguration;
			buildSettings = {
				CODE_SIGN_ENTITLEMENTS = BlazzTimeWidget/BlazzTimeWidget.entitlements;
				COMBINE_HIDPI_IMAGES = YES;
				INFOPLIST_FILE = BlazzTimeWidget/Info.plist;
				LD_RUNPATH_SEARCH_PATHS = (
					"$(inherited)",
					"@executable_path/../Frameworks",
					"@executable_path/../../../../Frameworks",
				);
				MACOSX_DEPLOYMENT_TARGET = 14.0;
				PRODUCT_BUNDLE_IDENTIFIER = dev.blazz.blazztime.widget;
				SDKROOT = macosx;
				SWIFT_VERSION = 5.9;
			};
			name = Release;
		};
		EC5F2524F791C2C63432B00F /* Release */ = {
			isa = XCBuildConfiguration;
			buildSettings = {
				ASSETCATALOG_COMPILER_APPICON_NAME = AppIcon;
				COMBINE_HIDPI_IMAGES = YES;
				CURRENT_PROJECT_VERSION = 1;
				ENABLE_HARDENED_RUNTIME = NO;
				INFOPLIST_FILE = BlazzTime/Info.plist;
				LD_RUNPATH_SEARCH_PATHS = "$(inherited) @executable_path/../Frameworks";
				MACOSX_DEPLOYMENT_TARGET = 14.0;
				MARKETING_VERSION = 1.0.0;
				PRODUCT_BUNDLE_IDENTIFIER = dev.blazz.blazztime;
				SDKROOT = macosx;
				SWIFT_VERSION = 5.9;
			};
			name = Release;
		};
/* End XCBuildConfiguration section */

/* Begin XCConfigurationList section */
		1E5442AF22FE9030F2D0AF1B /* Build configuration list for PBXNativeTarget "BlazzTimeTests" */ = {
			isa = XCConfigurationList;
			buildConfigurations = (
				C5209B1D4AB5A1D2A8D25602 /* Debug */,
				5C857F340CB769623EB966E0 /* Release */,
			);
			defaultConfigurationIsVisible = 0;
			defaultConfigurationName = Debug;
		};
		3F5FE212E5251C260752D63F /* Build configuration list for PBXProject "BlazzTime" */ = {
			isa = XCConfigurationList;
			buildConfigurations = (
				1BDF138ACB7C3746C7664F96 /* Debug */,
				6FF2B32127ECFC7B98453DB4 /* Release */,
			);
			defaultConfigurationIsVisible = 0;
			defaultConfigurationName = Debug;
		};
		9F927C4494AB3F41D3C6DB83 /* Build configuration list for PBXNativeTarget "BlazzTimeWidget" */ = {
			isa = XCConfigurationList;
			buildConfigurations = (
				6B68F96BE2D5C4D7441D444E /* Debug */,
				D528DB2A241975767B5CAAED /* Release */,
			);
			defaultConfigurationIsVisible = 0;
			defaultConfigurationName = Debug;
		};
		FB06012907C2470EBF26C292 /* Build configuration list for PBXNativeTarget "BlazzTime" */ = {
			isa = XCConfigurationList;
			buildConfigurations = (
				1AAFDACC37B52BC3A5C3DC6E /* Debug */,
				EC5F2524F791C2C63432B00F /* Release */,
			);
			defaultConfigurationIsVisible = 0;
			defaultConfigurationName = Debug;
		};
/* End XCConfigurationList section */
	};
	rootObject = EA18904B00208CC6E1486093 /* Project object */;
}
